
Microsoft Visual Studio Solution File, Format Version 12.00
# Visual Studio Version 17
VisualStudioVersion = 17.0.31903.59
MinimumVisualStudioVersion = 10.0.40219.1
Project("{2150E333-8FDC-42A3-9474-1A3956D46DE8}") = "架构基础", "架构基础", "{8D418FC6-57E7-472A-8611-EB1F3A010B11}"
	ProjectSection(SolutionItems) = preProject
		README.md = README.md
	EndProjectSection
EndProject
Project("{2150E333-8FDC-42A3-9474-1A3956D46DE8}") = "微服务相关", "微服务相关", "{EA2B47BC-7DAF-450A-BB2F-57BE8D271374}"
EndProject
Project("{9A19103F-16F7-4668-BE54-9A1E7A4F7556}") = "Mall3s.ServiceFabric.Core", "ServiceFabric\Mall3s.ServiceFabric.Core\Mall3s.ServiceFabric.Core.csproj", "{D4F80707-B28E-4EE3-B773-15B92C0CFA70}"
EndProject
Project("{2150E333-8FDC-42A3-9474-1A3956D46DE8}") = "ServiceFabric", "ServiceFabric", "{FE57A6E4-33CE-4288-8146-4E1A18574BFE}"
EndProject
Project("{2150E333-8FDC-42A3-9474-1A3956D46DE8}") = "Test", "Test", "{AEA3BD5B-794E-4CF9-A349-B1DB77BB096C}"
EndProject
Project("{9A19103F-16F7-4668-BE54-9A1E7A4F7556}") = "Mall3s", "Mall3s\Mall3s.csproj", "{49A4E82F-C689-4CA4-A350-BC039BFA8FD9}"
EndProject
Project("{9A19103F-16F7-4668-BE54-9A1E7A4F7556}") = "Mall3s.Authentication.JwtBearer", "Mall3s.Authentication.JwtBearer\Mall3s.Authentication.JwtBearer.csproj", "{E447C21B-9121-45AD-A26F-D0E841C1DC42}"
EndProject
Project("{9A19103F-16F7-4668-BE54-9A1E7A4F7556}") = "Mall3s.Data.SqlSugar", "Mall3s.Data.SqlSugar\Mall3s.Data.SqlSugar.csproj", "{DA48175A-D0E3-4ADB-BAAA-267DD0114A79}"
EndProject
Project("{9A19103F-16F7-4668-BE54-9A1E7A4F7556}") = "Mall3s.Expand.Thirdparty", "Mall3s.Expand.Thirdparty\Mall3s.Expand.Thirdparty.csproj", "{6D9AA6CE-7BAE-49FC-9183-4ABDD3BEDE4F}"
EndProject
Project("{9A19103F-16F7-4668-BE54-9A1E7A4F7556}") = "Mall3s.Logging.Serilog", "Mall3s.Logging.Serilog\Mall3s.Logging.Serilog.csproj", "{9C1DD1EC-1163-43A1-9274-534EAFA54EAE}"
EndProject
Project("{9A19103F-16F7-4668-BE54-9A1E7A4F7556}") = "Mall3s.Mapster", "Mall3s.Mapster\Mall3s.Mapster.csproj", "{779472F8-DD54-4346-8C38-844E281314AE}"
EndProject
Project("{9A19103F-16F7-4668-BE54-9A1E7A4F7556}") = "Mall3s.Core.Redis", "Mall3s.Redis\Mall3s.Core.Redis.csproj", "{CE87D72A-D324-41F0-A9D0-308DF864E784}"
EndProject
Project("{9A19103F-16F7-4668-BE54-9A1E7A4F7556}") = "Mall3s.ServiceFabric", "ServiceFabric\Mall3s.ServiceFabric\Mall3s.ServiceFabric.csproj", "{59B8E310-D314-47EF-A026-28B6A983C1D7}"
EndProject
Project("{9A19103F-16F7-4668-BE54-9A1E7A4F7556}") = "Mall3s.Common", "Mall3s.Common\Mall3s.Common.csproj", "{696B19EC-7BB4-49EA-BFF5-124201492D88}"
EndProject
Project("{9A19103F-16F7-4668-BE54-9A1E7A4F7556}") = "Mall3s.Nacos", "Mall3s.Nacos\Mall3s.Nacos.csproj", "{1D53358B-7E11-4B9F-8E88-C3403B088A77}"
EndProject
Project("{9A19103F-16F7-4668-BE54-9A1E7A4F7556}") = "Mall3s.ServiceFabric.TestApi", "Mall3s.ServiceFabric.TestApi\Mall3s.ServiceFabric.TestApi.csproj", "{F42F88A5-96C7-4C00-BA7D-B785378545A6}"
EndProject
Project("{9A19103F-16F7-4668-BE54-9A1E7A4F7556}") = "Mall3s.ServiceFabric.CAP.Dashboard", "Mall3s.ServiceFabric.CAP.Dashboard\Mall3s.ServiceFabric.CAP.Dashboard.csproj", "{C3D3F45C-EBB2-4B11-9A0B-E587719BE5D2}"
EndProject
Project("{9A19103F-16F7-4668-BE54-9A1E7A4F7556}") = "Mall3s.ServiceFabric.Cap", "Mall3s.ServiceFabric.Cap\Mall3s.ServiceFabric.Cap.csproj", "{8FC53CF7-5B6B-4749-9901-C536188AA72C}"
EndProject
Project("{2150E333-8FDC-42A3-9474-1A3956D46DE8}") = "Web", "Web", "{B581679E-1C0B-4E46-8EE2-25AD02FD512B}"
EndProject
Project("{9A19103F-16F7-4668-BE54-9A1E7A4F7556}") = "Mall3s.ServiceFabric.TestCap", "Mall3s.ServiceFabric.TestCap\Mall3s.ServiceFabric.TestCap.csproj", "{150F73B3-91A5-4147-A8D9-2B93AD6C570F}"
EndProject
Project("{9A19103F-16F7-4668-BE54-9A1E7A4F7556}") = "Mall3s.XxlJob", "Mall3s.XxlJob\Mall3s.XxlJob.csproj", "{415DA598-9DDC-4229-8C7A-AF6DB9BD46C9}"
EndProject
Project("{2150E333-8FDC-42A3-9474-1A3956D46DE8}") = "Core", "Core", "{75AF67F4-2A1F-4127-AC47-DD38F89D5620}"
EndProject
Project("{9A19103F-16F7-4668-BE54-9A1E7A4F7556}") = "Mall3s.Core.WorkFlow", "Mall3s.Core.WorkFlow\Mall3s.Core.WorkFlow.csproj", "{9AAD836F-D412-4FE1-8946-EC194D94E8FE}"
EndProject
Project("{9A19103F-16F7-4668-BE54-9A1E7A4F7556}") = "Mall3s.Core.System", "Mall3s.Core.System\Mall3s.Core.System.csproj", "{EAEE7565-F19D-4B76-AC94-D4EAF973719B}"
EndProject
Project("{9A19103F-16F7-4668-BE54-9A1E7A4F7556}") = "Mall3s.Core.VisualDev", "Mall3s.Core.VisualDev\Mall3s.Core.VisualDev.csproj", "{8EDE835E-14E0-4BA8-A0BC-7A57A75D882C}"
EndProject
Project("{FAE04EC0-301F-11D3-BF4B-00C04F79EFBC}") = "Mall3s.Core.Message", "Mall3s.Core.Message\Mall3s.Core.Message.csproj", "{5AA6D830-3F7C-42D2-A883-85B8A654A3C2}"
EndProject
Global
	GlobalSection(SolutionConfigurationPlatforms) = preSolution
		Debug|Any CPU = Debug|Any CPU
		Release|Any CPU = Release|Any CPU
	EndGlobalSection
	GlobalSection(ProjectConfigurationPlatforms) = postSolution
		{D4F80707-B28E-4EE3-B773-15B92C0CFA70}.Debug|Any CPU.ActiveCfg = Debug|Any CPU
		{D4F80707-B28E-4EE3-B773-15B92C0CFA70}.Debug|Any CPU.Build.0 = Debug|Any CPU
		{D4F80707-B28E-4EE3-B773-15B92C0CFA70}.Release|Any CPU.ActiveCfg = Release|Any CPU
		{D4F80707-B28E-4EE3-B773-15B92C0CFA70}.Release|Any CPU.Build.0 = Release|Any CPU
		{49A4E82F-C689-4CA4-A350-BC039BFA8FD9}.Debug|Any CPU.ActiveCfg = Debug|Any CPU
		{49A4E82F-C689-4CA4-A350-BC039BFA8FD9}.Debug|Any CPU.Build.0 = Debug|Any CPU
		{49A4E82F-C689-4CA4-A350-BC039BFA8FD9}.Release|Any CPU.ActiveCfg = Release|Any CPU
		{49A4E82F-C689-4CA4-A350-BC039BFA8FD9}.Release|Any CPU.Build.0 = Release|Any CPU
		{E447C21B-9121-45AD-A26F-D0E841C1DC42}.Debug|Any CPU.ActiveCfg = Debug|Any CPU
		{E447C21B-9121-45AD-A26F-D0E841C1DC42}.Debug|Any CPU.Build.0 = Debug|Any CPU
		{E447C21B-9121-45AD-A26F-D0E841C1DC42}.Release|Any CPU.ActiveCfg = Release|Any CPU
		{E447C21B-9121-45AD-A26F-D0E841C1DC42}.Release|Any CPU.Build.0 = Release|Any CPU
		{DA48175A-D0E3-4ADB-BAAA-267DD0114A79}.Debug|Any CPU.ActiveCfg = Debug|Any CPU
		{DA48175A-D0E3-4ADB-BAAA-267DD0114A79}.Debug|Any CPU.Build.0 = Debug|Any CPU
		{DA48175A-D0E3-4ADB-BAAA-267DD0114A79}.Release|Any CPU.ActiveCfg = Release|Any CPU
		{DA48175A-D0E3-4ADB-BAAA-267DD0114A79}.Release|Any CPU.Build.0 = Release|Any CPU
		{6D9AA6CE-7BAE-49FC-9183-4ABDD3BEDE4F}.Debug|Any CPU.ActiveCfg = Debug|Any CPU
		{6D9AA6CE-7BAE-49FC-9183-4ABDD3BEDE4F}.Debug|Any CPU.Build.0 = Debug|Any CPU
		{6D9AA6CE-7BAE-49FC-9183-4ABDD3BEDE4F}.Release|Any CPU.ActiveCfg = Release|Any CPU
		{6D9AA6CE-7BAE-49FC-9183-4ABDD3BEDE4F}.Release|Any CPU.Build.0 = Release|Any CPU
		{9C1DD1EC-1163-43A1-9274-534EAFA54EAE}.Debug|Any CPU.ActiveCfg = Debug|Any CPU
		{9C1DD1EC-1163-43A1-9274-534EAFA54EAE}.Debug|Any CPU.Build.0 = Debug|Any CPU
		{9C1DD1EC-1163-43A1-9274-534EAFA54EAE}.Release|Any CPU.ActiveCfg = Release|Any CPU
		{9C1DD1EC-1163-43A1-9274-534EAFA54EAE}.Release|Any CPU.Build.0 = Release|Any CPU
		{779472F8-DD54-4346-8C38-844E281314AE}.Debug|Any CPU.ActiveCfg = Debug|Any CPU
		{779472F8-DD54-4346-8C38-844E281314AE}.Debug|Any CPU.Build.0 = Debug|Any CPU
		{779472F8-DD54-4346-8C38-844E281314AE}.Release|Any CPU.ActiveCfg = Release|Any CPU
		{779472F8-DD54-4346-8C38-844E281314AE}.Release|Any CPU.Build.0 = Release|Any CPU
		{CE87D72A-D324-41F0-A9D0-308DF864E784}.Debug|Any CPU.ActiveCfg = Debug|Any CPU
		{CE87D72A-D324-41F0-A9D0-308DF864E784}.Debug|Any CPU.Build.0 = Debug|Any CPU
		{CE87D72A-D324-41F0-A9D0-308DF864E784}.Release|Any CPU.ActiveCfg = Release|Any CPU
		{CE87D72A-D324-41F0-A9D0-308DF864E784}.Release|Any CPU.Build.0 = Release|Any CPU
		{59B8E310-D314-47EF-A026-28B6A983C1D7}.Debug|Any CPU.ActiveCfg = Debug|Any CPU
		{59B8E310-D314-47EF-A026-28B6A983C1D7}.Debug|Any CPU.Build.0 = Debug|Any CPU
		{59B8E310-D314-47EF-A026-28B6A983C1D7}.Release|Any CPU.ActiveCfg = Release|Any CPU
		{59B8E310-D314-47EF-A026-28B6A983C1D7}.Release|Any CPU.Build.0 = Release|Any CPU
		{696B19EC-7BB4-49EA-BFF5-124201492D88}.Debug|Any CPU.ActiveCfg = Debug|Any CPU
		{696B19EC-7BB4-49EA-BFF5-124201492D88}.Debug|Any CPU.Build.0 = Debug|Any CPU
		{696B19EC-7BB4-49EA-BFF5-124201492D88}.Release|Any CPU.ActiveCfg = Release|Any CPU
		{696B19EC-7BB4-49EA-BFF5-124201492D88}.Release|Any CPU.Build.0 = Release|Any CPU
		{1D53358B-7E11-4B9F-8E88-C3403B088A77}.Debug|Any CPU.ActiveCfg = Debug|Any CPU
		{1D53358B-7E11-4B9F-8E88-C3403B088A77}.Debug|Any CPU.Build.0 = Debug|Any CPU
		{1D53358B-7E11-4B9F-8E88-C3403B088A77}.Release|Any CPU.ActiveCfg = Release|Any CPU
		{1D53358B-7E11-4B9F-8E88-C3403B088A77}.Release|Any CPU.Build.0 = Release|Any CPU
		{F42F88A5-96C7-4C00-BA7D-B785378545A6}.Debug|Any CPU.ActiveCfg = Debug|Any CPU
		{F42F88A5-96C7-4C00-BA7D-B785378545A6}.Debug|Any CPU.Build.0 = Debug|Any CPU
		{F42F88A5-96C7-4C00-BA7D-B785378545A6}.Release|Any CPU.ActiveCfg = Release|Any CPU
		{F42F88A5-96C7-4C00-BA7D-B785378545A6}.Release|Any CPU.Build.0 = Release|Any CPU
		{C3D3F45C-EBB2-4B11-9A0B-E587719BE5D2}.Debug|Any CPU.ActiveCfg = Debug|Any CPU
		{C3D3F45C-EBB2-4B11-9A0B-E587719BE5D2}.Debug|Any CPU.Build.0 = Debug|Any CPU
		{C3D3F45C-EBB2-4B11-9A0B-E587719BE5D2}.Release|Any CPU.ActiveCfg = Release|Any CPU
		{C3D3F45C-EBB2-4B11-9A0B-E587719BE5D2}.Release|Any CPU.Build.0 = Release|Any CPU
		{8FC53CF7-5B6B-4749-9901-C536188AA72C}.Debug|Any CPU.ActiveCfg = Debug|Any CPU
		{8FC53CF7-5B6B-4749-9901-C536188AA72C}.Debug|Any CPU.Build.0 = Debug|Any CPU
		{8FC53CF7-5B6B-4749-9901-C536188AA72C}.Release|Any CPU.ActiveCfg = Release|Any CPU
		{8FC53CF7-5B6B-4749-9901-C536188AA72C}.Release|Any CPU.Build.0 = Release|Any CPU
		{150F73B3-91A5-4147-A8D9-2B93AD6C570F}.Debug|Any CPU.ActiveCfg = Debug|Any CPU
		{150F73B3-91A5-4147-A8D9-2B93AD6C570F}.Debug|Any CPU.Build.0 = Debug|Any CPU
		{150F73B3-91A5-4147-A8D9-2B93AD6C570F}.Release|Any CPU.ActiveCfg = Release|Any CPU
		{150F73B3-91A5-4147-A8D9-2B93AD6C570F}.Release|Any CPU.Build.0 = Release|Any CPU
		{415DA598-9DDC-4229-8C7A-AF6DB9BD46C9}.Debug|Any CPU.ActiveCfg = Debug|Any CPU
		{415DA598-9DDC-4229-8C7A-AF6DB9BD46C9}.Debug|Any CPU.Build.0 = Debug|Any CPU
		{415DA598-9DDC-4229-8C7A-AF6DB9BD46C9}.Release|Any CPU.ActiveCfg = Release|Any CPU
		{415DA598-9DDC-4229-8C7A-AF6DB9BD46C9}.Release|Any CPU.Build.0 = Release|Any CPU
		{9AAD836F-D412-4FE1-8946-EC194D94E8FE}.Debug|Any CPU.ActiveCfg = Debug|Any CPU
		{9AAD836F-D412-4FE1-8946-EC194D94E8FE}.Debug|Any CPU.Build.0 = Debug|Any CPU
		{9AAD836F-D412-4FE1-8946-EC194D94E8FE}.Release|Any CPU.ActiveCfg = Release|Any CPU
		{9AAD836F-D412-4FE1-8946-EC194D94E8FE}.Release|Any CPU.Build.0 = Release|Any CPU
		{EAEE7565-F19D-4B76-AC94-D4EAF973719B}.Debug|Any CPU.ActiveCfg = Debug|Any CPU
		{EAEE7565-F19D-4B76-AC94-D4EAF973719B}.Debug|Any CPU.Build.0 = Debug|Any CPU
		{EAEE7565-F19D-4B76-AC94-D4EAF973719B}.Release|Any CPU.ActiveCfg = Release|Any CPU
		{EAEE7565-F19D-4B76-AC94-D4EAF973719B}.Release|Any CPU.Build.0 = Release|Any CPU
		{8EDE835E-14E0-4BA8-A0BC-7A57A75D882C}.Debug|Any CPU.ActiveCfg = Debug|Any CPU
		{8EDE835E-14E0-4BA8-A0BC-7A57A75D882C}.Debug|Any CPU.Build.0 = Debug|Any CPU
		{8EDE835E-14E0-4BA8-A0BC-7A57A75D882C}.Release|Any CPU.ActiveCfg = Release|Any CPU
		{8EDE835E-14E0-4BA8-A0BC-7A57A75D882C}.Release|Any CPU.Build.0 = Release|Any CPU
		{5AA6D830-3F7C-42D2-A883-85B8A654A3C2}.Debug|Any CPU.ActiveCfg = Debug|Any CPU
		{5AA6D830-3F7C-42D2-A883-85B8A654A3C2}.Debug|Any CPU.Build.0 = Debug|Any CPU
		{5AA6D830-3F7C-42D2-A883-85B8A654A3C2}.Release|Any CPU.ActiveCfg = Release|Any CPU
		{5AA6D830-3F7C-42D2-A883-85B8A654A3C2}.Release|Any CPU.Build.0 = Release|Any CPU
	EndGlobalSection
	GlobalSection(SolutionProperties) = preSolution
		HideSolutionNode = FALSE
	EndGlobalSection
	GlobalSection(NestedProjects) = preSolution
		{D4F80707-B28E-4EE3-B773-15B92C0CFA70} = {FE57A6E4-33CE-4288-8146-4E1A18574BFE}
		{FE57A6E4-33CE-4288-8146-4E1A18574BFE} = {EA2B47BC-7DAF-450A-BB2F-57BE8D271374}
		{49A4E82F-C689-4CA4-A350-BC039BFA8FD9} = {8D418FC6-57E7-472A-8611-EB1F3A010B11}
		{E447C21B-9121-45AD-A26F-D0E841C1DC42} = {8D418FC6-57E7-472A-8611-EB1F3A010B11}
		{DA48175A-D0E3-4ADB-BAAA-267DD0114A79} = {8D418FC6-57E7-472A-8611-EB1F3A010B11}
		{6D9AA6CE-7BAE-49FC-9183-4ABDD3BEDE4F} = {8D418FC6-57E7-472A-8611-EB1F3A010B11}
		{9C1DD1EC-1163-43A1-9274-534EAFA54EAE} = {8D418FC6-57E7-472A-8611-EB1F3A010B11}
		{779472F8-DD54-4346-8C38-844E281314AE} = {8D418FC6-57E7-472A-8611-EB1F3A010B11}
		{CE87D72A-D324-41F0-A9D0-308DF864E784} = {8D418FC6-57E7-472A-8611-EB1F3A010B11}
		{59B8E310-D314-47EF-A026-28B6A983C1D7} = {FE57A6E4-33CE-4288-8146-4E1A18574BFE}
		{696B19EC-7BB4-49EA-BFF5-124201492D88} = {8D418FC6-57E7-472A-8611-EB1F3A010B11}
		{1D53358B-7E11-4B9F-8E88-C3403B088A77} = {8D418FC6-57E7-472A-8611-EB1F3A010B11}
		{F42F88A5-96C7-4C00-BA7D-B785378545A6} = {AEA3BD5B-794E-4CF9-A349-B1DB77BB096C}
		{C3D3F45C-EBB2-4B11-9A0B-E587719BE5D2} = {B581679E-1C0B-4E46-8EE2-25AD02FD512B}
		{8FC53CF7-5B6B-4749-9901-C536188AA72C} = {FE57A6E4-33CE-4288-8146-4E1A18574BFE}
		{B581679E-1C0B-4E46-8EE2-25AD02FD512B} = {EA2B47BC-7DAF-450A-BB2F-57BE8D271374}
		{150F73B3-91A5-4147-A8D9-2B93AD6C570F} = {AEA3BD5B-794E-4CF9-A349-B1DB77BB096C}
		{415DA598-9DDC-4229-8C7A-AF6DB9BD46C9} = {8D418FC6-57E7-472A-8611-EB1F3A010B11}
		{9AAD836F-D412-4FE1-8946-EC194D94E8FE} = {75AF67F4-2A1F-4127-AC47-DD38F89D5620}
		{EAEE7565-F19D-4B76-AC94-D4EAF973719B} = {75AF67F4-2A1F-4127-AC47-DD38F89D5620}
		{8EDE835E-14E0-4BA8-A0BC-7A57A75D882C} = {75AF67F4-2A1F-4127-AC47-DD38F89D5620}
		{5AA6D830-3F7C-42D2-A883-85B8A654A3C2} = {75AF67F4-2A1F-4127-AC47-DD38F89D5620}
	EndGlobalSection
	GlobalSection(ExtensibilityGlobals) = postSolution
		SolutionGuid = {F160AFE9-686C-4BB6-A1A3-54A28B9913E1}
	EndGlobalSection
EndGlobal
